Microsoft Visual Studio Solution File, Format Version 11.00
# Visual Studio 2008

Project("{E07D9635-1F95-301A-DBDC-87B2A7A250FE}") = "IslandCollaborate", "Assembly-CSharp-firstpass-vs.csproj", "{58004484-6BCF-DCAA-AB85-22603F0E18C0}"
EndProject
Project("{E07D9635-1F95-301A-DBDC-87B2A7A250FE}") = "IslandCollaborate", "Assembly-CSharp-vs.csproj", "{2A67F825-3E5E-6027-0191-7121F595FF6A}"
EndProject
Project("{E07D9635-1F95-301A-DBDC-87B2A7A250FE}") = "IslandCollaborate", "Assembly-CSharp-Editor-vs.csproj", "{AE852D0A-1C73-7735-46C6-F3CE27BBF367}"
EndProject
Global
	GlobalSection(SolutionConfigurationPlatforms) = preSolution
		Debug|Any CPU = Debug|Any CPU
		Release|Any CPU = Release|Any CPU
	EndGlobalSection
	GlobalSection(ProjectConfigurationPlatforms) = postSolution
		{58004484-6BCF-DCAA-AB85-22603F0E18C0}.Debug|Any CPU.ActiveCfg = Debug|Any CPU
		{58004484-6BCF-DCAA-AB85-22603F0E18C0}.Debug|Any CPU.Build.0 = Debug|Any CPU
		{58004484-6BCF-DCAA-AB85-22603F0E18C0}.Release|Any CPU.ActiveCfg = Release|Any CPU
		{58004484-6BCF-DCAA-AB85-22603F0E18C0}.Release|Any CPU.Build.0 = Release|Any CPU
		{2A67F825-3E5E-6027-0191-7121F595FF6A}.Debug|Any CPU.ActiveCfg = Debug|Any CPU
		{2A67F825-3E5E-6027-0191-7121F595FF6A}.Debug|Any CPU.Build.0 = Debug|Any CPU
		{2A67F825-3E5E-6027-0191-7121F595FF6A}.Release|Any CPU.ActiveCfg = Release|Any CPU
		{2A67F825-3E5E-6027-0191-7121F595FF6A}.Release|Any CPU.Build.0 = Release|Any CPU
		{AE852D0A-1C73-7735-46C6-F3CE27BBF367}.Debug|Any CPU.ActiveCfg = Debug|Any CPU
		{AE852D0A-1C73-7735-46C6-F3CE27BBF367}.Debug|Any CPU.Build.0 = Debug|Any CPU
		{AE852D0A-1C73-7735-46C6-F3CE27BBF367}.Release|Any CPU.ActiveCfg = Release|Any CPU
		{AE852D0A-1C73-7735-46C6-F3CE27BBF367}.Release|Any CPU.Build.0 = Release|Any CPU
	EndGlobalSection
	GlobalSection(SolutionProperties) = preSolution
		HideSolutionNode = FALSE
	EndGlobalSection
				GlobalSection(MonoDevelopProperties) = preSolution
		StartupItem = Assembly-CSharp.csproj
	EndGlobalSection

EndGlobal
